// !$*UTF8*$!
{
	archiveVersion = 1;
	classes = {
	};
	objectVersion = 46;
	objects = {

/* Begin PBXBuildFile section */
		9B9A7D1D16087D9700D01708 /* UIKit.framework in Frameworks */ = {isa = PBXBuildFile; fileRef = 9B9A7D1C16087D9700D01708 /* UIKit.framework */; };
		9B9A7D1F16087D9700D01708 /* Foundation.framework in Frameworks */ = {isa = PBXBuildFile; fileRef = 9B9A7D1E16087D9700D01708 /* Foundation.framework */; };
		9B9A7D2116087D9700D01708 /* CoreGraphics.framework in Frameworks */ = {isa = PBXBuildFile; fileRef = 9B9A7D2016087D9700D01708 /* CoreGraphics.framework */; };
		9B9A7D2716087D9700D01708 /* InfoPlist.strings in Resources */ = {isa = PBXBuildFile; fileRef = 9B9A7D2516087D9700D01708 /* InfoPlist.strings */; };
		9B9A7D2916087D9700D01708 /* main.m in Sources */ = {isa = PBXBuildFile; fileRef = 9B9A7D2816087D9700D01708 /* main.m */; };
		9B9A7D2D16087D9700D01708 /* NovelaAppDelegate.m in Sources */ = {isa = PBXBuildFile; fileRef = 9B9A7D2C16087D9700D01708 /* NovelaAppDelegate.m */; };
		9B9A7D3016087D9700D01708 /* NovelaViewController.m in Sources */ = {isa = PBXBuildFile; fileRef = 9B9A7D2F16087D9700D01708 /* NovelaViewController.m */; };
		9B9A7D3316087D9700D01708 /* NovelaViewController.xib in Resources */ = {isa = PBXBuildFile; fileRef = 9B9A7D3116087D9700D01708 /* NovelaViewController.xib */; };
		9B9A7D3A16087F6A00D01708 /* CoreLocation.framework in Frameworks */ = {isa = PBXBuildFile; fileRef = 9B9A7D3916087F6A00D01708 /* CoreLocation.framework */; };
		9B9A7D3E16089D8000D01708 /* MainWindow.xib in Resources */ = {isa = PBXBuildFile; fileRef = 9B9A7D3C16089D8000D01708 /* MainWindow.xib */; };
/* End PBXBuildFile section */

/* Begin PBXFileReference section */
		9B9A7D1816087D9700D01708 /* Novela2012.app */ = {isa = PBXFileReference; explicitFileType = wrapper.application; includeInIndex = 0; path = Novela2012.app; sourceTree = BUILT_PRODUCTS_DIR; };
		9B9A7D1C16087D9700D01708 /* UIKit.framework */ = {isa = PBXFileReference; lastKnownFileType = wrapper.framework; name = UIKit.framework; path = System/Library/Frameworks/UIKit.framework; sourceTree = SDKROOT; };
		9B9A7D1E16087D9700D01708 /* Foundation.framework */ = {isa = PBXFileReference; lastKnownFileType = wrapper.framework; name = Foundation.framework; path = System/Library/Frameworks/Foundation.framework; sourceTree = SDKROOT; };
		9B9A7D2016087D9700D01708 /* CoreGraphics.framework */ = {isa = PBXFileReference; lastKnownFileType = wrapper.framework; name = CoreGraphics.framework; path = System/Library/Frameworks/CoreGraphics.framework; sourceTree = SDKROOT; };
		9B9A7D2416087D9700D01708 /* Novela2012-Info.plist */ = {isa = PBXFileReference; lastKnownFileType = text.plist.xml; path = "Novela2012-Info.plist"; sourceTree = "<group>"; };
		9B9A7D2616087D9700D01708 /* en */ = {isa = PBXFileReference; lastKnownFileType = text.plist.strings; name = en; path = en.lproj/InfoPlist.strings; sourceTree = "<group>"; };
		9B9A7D2816087D9700D01708 /* main.m */ = {isa = PBXFileReference; lastKnownFileType = sourcecode.c.objc; path = main.m; sourceTree = "<group>"; };
		9B9A7D2A16087D9700D01708 /* Novela2012-Prefix.pch */ = {isa = PBXFileReference; lastKnownFileType = sourcecode.c.h; path = "Novela2012-Prefix.pch"; sourceTree = "<group>"; };
		9B9A7D2B16087D9700D01708 /* NovelaAppDelegate.h */ = {isa = PBXFileReference; lastKnownFileType = sourcecode.c.h; path = NovelaAppDelegate.h; sourceTree = "<group>"; };
		9B9A7D2C16087D9700D01708 /* NovelaAppDelegate.m */ = {isa = PBXFileReference; lastKnownFileType = sourcecode.c.objc; path = NovelaAppDelegate.m; sourceTree = "<group>"; };
		9B9A7D2E16087D9700D01708 /* NovelaViewController.h */ = {isa = PBXFileReference; lastKnownFileType = sourcecode.c.h; path = NovelaViewController.h; sourceTree = "<group>"; };
		9B9A7D2F16087D9700D01708 /* NovelaViewController.m */ = {isa = PBXFileReference; lastKnownFileType = sourcecode.c.objc; path = NovelaViewController.m; sourceTree = "<group>"; };
		9B9A7D3216087D9700D01708 /* en */ = {isa = PBXFileReference; lastKnownFileType = file.xib; name = en; path = en.lproj/NovelaViewController.xib; sourceTree = "<group>"; };
		9B9A7D3916087F6A00D01708 /* CoreLocation.framework */ = {isa = PBXFileReference; lastKnownFileType = wrapper.framework; name = CoreLocation.framework; path = System/Library/Frameworks/CoreLocation.framework; sourceTree = SDKROOT; };
		9B9A7D3D16089D8000D01708 /* en */ = {isa = PBXFileReference; lastKnownFileType = file.xib; name = en; path = en.lproj/MainWindow.xib; sourceTree = "<group>"; };
/* End PBXFileReference section */

/* Begin PBXFrameworksBuildPhase section */
		9B9A7D1516087D9700D01708 /* Frameworks */ = {
			isa = PBXFrameworksBuildPhase;
			buildActionMask = 2147483647;
			files = (
				9B9A7D3A16087F6A00D01708 /* CoreLocation.framework in Frameworks */,
				9B9A7D1D16087D9700D01708 /* UIKit.framework in Frameworks */,
				9B9A7D1F16087D9700D01708 /* Foundation.framework in Frameworks */,
				9B9A7D2116087D9700D01708 /* CoreGraphics.framework in Frameworks */,
			);
			runOnlyForDeploymentPostprocessing = 0;
		};
/* End PBXFrameworksBuildPhase section */

/* Begin PBXGroup section */
		9B9A7D0D16087D9700D01708 = {
			isa = PBXGroup;
			children = (
				9B9A7D2216087D9700D01708 /* Novela2012 */,
				9B9A7D1B16087D9700D01708 /* Frameworks */,
				9B9A7D1916087D9700D01708 /* Products */,
			);
			sourceTree = "<group>";
		};
		9B9A7D1916087D9700D01708 /* Products */ = {
			isa = PBXGroup;
			children = (
				9B9A7D1816087D9700D01708 /* Novela2012.app */,
			);
			name = Products;
			sourceTree = "<group>";
		};
		9B9A7D1B16087D9700D01708 /* Frameworks */ = {
			isa = PBXGroup;
			children = (
				9B9A7D3916087F6A00D01708 /* CoreLocation.framework */,
				9B9A7D1C16087D9700D01708 /* UIKit.framework */,
				9B9A7D1E16087D9700D01708 /* Foundation.framework */,
				9B9A7D2016087D9700D01708 /* CoreGraphics.framework */,
			);
			name = Frameworks;
			sourceTree = "<group>";
		};
		9B9A7D2216087D9700D01708 /* Novela2012 */ = {
			isa = PBXGroup;
			children = (
				9B9A7D2B16087D9700D01708 /* NovelaAppDelegate.h */,
				9B9A7D2C16087D9700D01708 /* NovelaAppDelegate.m */,
				9B9A7D2E16087D9700D01708 /* NovelaViewController.h */,
				9B9A7D2F16087D9700D01708 /* NovelaViewController.m */,
				9B9A7D3116087D9700D01708 /* NovelaViewController.xib */,
				9B9A7D3B16089D4D00D01708 /* Resources */,
				9B9A7D2316087D9700D01708 /* Supporting Files */,
			);
			path = Novela2012;
			sourceTree = "<group>";
		};
		9B9A7D2316087D9700D01708 /* Supporting Files */ = {
			isa = PBXGroup;
			children = (
				9B9A7D2416087D9700D01708 /* Novela2012-Info.plist */,
				9B9A7D2516087D9700D01708 /* InfoPlist.strings */,
				9B9A7D2816087D9700D01708 /* main.m */,
				9B9A7D2A16087D9700D01708 /* Novela2012-Prefix.pch */,
			);
			name = "Supporting Files";
			sourceTree = "<group>";
		};
		9B9A7D3B16089D4D00D01708 /* Resources */ = {
			isa = PBXGroup;
			children = (
				9B9A7D3C16089D8000D01708 /* MainWindow.xib */,
			);
			name = Resources;
			sourceTree = "<group>";
		};
/* End PBXGroup section */

/* Begin PBXNativeTarget section */
		9B9A7D1716087D9700D01708 /* Novela2012 */ = {
			isa = PBXNativeTarget;
			buildConfigurationList = 9B9A7D3616087D9700D01708 /* Build configuration list for PBXNativeTarget "Novela2012" */;
			buildPhases = (
				9B9A7D1416087D9700D01708 /* Sources */,
				9B9A7D1516087D9700D01708 /* Frameworks */,
				9B9A7D1616087D9700D01708 /* Resources */,
			);
			buildRules = (
			);
			dependencies = (
			);
			name = Novela2012;
			productName = Novela2012;
			productReference = 9B9A7D1816087D9700D01708 /* Novela2012.app */;
			productType = "com.apple.product-type.application";
		};
/* End PBXNativeTarget section */

/* Begin PBXProject section */
		9B9A7D0F16087D9700D01708 /* Project object */ = {
			isa = PBXProject;
			attributes = {
				CLASSPREFIX = Novela;
				LastUpgradeCheck = 0440;
				ORGANIZATIONNAME = ekito;
			};
			buildConfigurationList = 9B9A7D1216087D9700D01708 /* Build configuration list for PBXProject "Novela2012" */;
			compatibilityVersion = "Xcode 3.2";
			developmentRegion = English;
			hasScannedForEncodings = 0;
			knownRegions = (
				en,
			);
			mainGroup = 9B9A7D0D16087D9700D01708;
			productRefGroup = 9B9A7D1916087D9700D01708 /* Products */;
			projectDirPath = "";
			projectRoot = "";
			targets = (
				9B9A7D1716087D9700D01708 /* Novela2012 */,
			);
		};
/* End PBXProject section */

/* Begin PBXResourcesBuildPhase section */
		9B9A7D1616087D9700D01708 /* Resources */ = {
			isa = PBXResourcesBuildPhase;
			buildActionMask = 2147483647;
			files = (
				9B9A7D2716087D9700D01708 /* InfoPlist.strings in Resources */,
				9B9A7D3316087D9700D01708 /* NovelaViewController.xib in Resources */,
				9B9A7D3E16089D8000D01708 /* MainWindow.xib in Resources */,
			);
			runOnlyForDeploymentPostprocessing = 0;
		};
/* End PBXResourcesBuildPhase section */

/* Begin PBXSourcesBuildPhase section */
		9B9A7D1416087D9700D01708 /* Sources */ = {
			isa = PBXSourcesBuildPhase;
			buildActionMask = 2147483647;
			files = (
				9B9A7D2916087D9700D01708 /* main.m in Sources */,
				9B9A7D2D16087D9700D01708 /* NovelaAppDelegate.m in Sources */,
				9B9A7D3016087D9700D01708 /* NovelaViewController.m in Sources */,
			);
			runOnlyForDeploymentPostprocessing = 0;
		};
/* End PBXSourcesBuildPhase section */

/* Begin PBXVariantGroup section */
		9B9A7D2516087D9700D01708 /* InfoPlist.strings */ = {
			isa = PBXVariantGroup;
			children = (
				9B9A7D2616087D9700D01708 /* en */,
			);
			name = InfoPlist.strings;
			sourceTree = "<group>";
		};
		9B9A7D3116087D9700D01708 /* NovelaViewController.xib */ = {
			isa = PBXVariantGroup;
			children = (
				9B9A7D3216087D9700D01708 /* en */,
			);
			name = NovelaViewController.xib;
			sourceTree = "<group>";
		};
		9B9A7D3C16089D8000D01708 /* MainWindow.xib */ = {
			isa = PBXVariantGroup;
			children = (
				9B9A7D3D16089D8000D01708 /* en */,
			);
			name = MainWindow.xib;
			sourceTree = "<group>";
		};
/* End PBXVariantGroup section */

/* Begin XCBuildConfiguration section */
		9B9A7D3416087D9700D01708 /* Debug */ = {
			isa = XCBuildConfiguration;
			buildSettings = {
				ALWAYS_SEARCH_USER_PATHS = NO;
				ARCHS = "$(ARCHS_STANDARD_32_BIT)";
				CLANG_CXX_LANGUAGE_STANDARD = "gnu++0x";
				CLANG_ENABLE_OBJC_ARC = YES;
				CLANG_WARN__DUPLICATE_METHOD_MATCH = YES;
				"CODE_SIGN_IDENTITY[sdk=iphoneos*]" = "iPhone Developer";
				COPY_PHASE_STRIP = NO;
				GCC_C_LANGUAGE_STANDARD = gnu99;
				GCC_DYNAMIC_NO_PIC = NO;
				GCC_OPTIMIZATION_LEVEL = 0;
				GCC_PREPROCESSOR_DEFINITIONS = (
					"DEBUG=1",
					"$(inherited)",
				);
				GCC_SYMBOLS_PRIVATE_EXTERN = NO;
				GCC_VERSION = com.apple.compilers.llvm.clang.1_0;
				GCC_WARN_ABOUT_RETURN_TYPE = YES;
				GCC_WARN_UNINITIALIZED_AUTOS = YES;
				GCC_WARN_UNUSED_VARIABLE = YES;
				IPHONEOS_DEPLOYMENT_TARGET = 5.1;
				SDKROOT = iphoneos;
			};
			name = Debug;
		};
		9B9A7D3516087D9700D01708 /* Release */ = {
			isa = XCBuildConfiguration;
			buildSettings = {
				ALWAYS_SEARCH_USER_PATHS = NO;
				ARCHS = "$(ARCHS_STANDARD_32_BIT)";
				CLANG_CXX_LANGUAGE_STANDARD = "gnu++0x";
				CLANG_ENABLE_OBJC_ARC = YES;
				CLANG_WARN__DUPLICATE_METHOD_MATCH = YES;
				"CODE_SIGN_IDENTITY[sdk=iphoneos*]" = "iPhone Developer";
				COPY_PHASE_STRIP = YES;
				GCC_C_LANGUAGE_STANDARD = gnu99;
				GCC_VERSION = com.apple.compilers.llvm.clang.1_0;
				GCC_WARN_ABOUT_RETURN_TYPE = YES;
				GCC_WARN_UNINITIALIZED_AUTOS = YES;
				GCC_WARN_UNUSED_VARIABLE = YES;
				IPHONEOS_DEPLOYMENT_TARGET = 5.1;
				OTHER_CFLAGS = "-DNS_BLOCK_ASSERTIONS=1";
				SDKROOT = iphoneos;
				VALIDATE_PRODUCT = YES;
			};
			name = Release;
		};
		9B9A7D3716087D9700D01708 /* Debug */ = {
			isa = XCBuildConfiguration;
			buildSettings = {
				GCC_PRECOMPILE_PREFIX_HEADER = YES;
				GCC_PREFIX_HEADER = "Novela2012/Novela2012-Prefix.pch";
				INFOPLIST_FILE = "Novela2012/Novela2012-Info.plist";
				PRODUCT_NAME = "$(TARGET_NAME)";
				WRAPPER_EXTENSION = app;
			};
			name = Debug;
		};
		9B9A7D3816087D9700D01708 /* Release */ = {
			isa = XCBuildConfiguration;
			buildSettings = {
				GCC_PRECOMPILE_PREFIX_HEADER = YES;
				GCC_PREFIX_HEADER = "Novela2012/Novela2012-Prefix.pch";
				INFOPLIST_FILE = "Novela2012/Novela2012-Info.plist";
				PRODUCT_NAME = "$(TARGET_NAME)";
				WRAPPER_EXTENSION = app;
			};
			name = Release;
		};
/* End XCBuildConfiguration section */

/* Begin XCConfigurationList section */
		9B9A7D1216087D9700D01708 /* Build configuration list for PBXProject "Novela2012" */ = {
			isa = XCConfigurationList;
			buildConfigurations = (
				9B9A7D3416087D9700D01708 /* Debug */,
				9B9A7D3516087D9700D01708 /* Release */,
			);
			defaultConfigurationIsVisible = 0;
			defaultConfigurationName = Release;
		};
		9B9A7D3616087D9700D01708 /* Build configuration list for PBXNativeTarget "Novela2012" */ = {
			isa = XCConfigurationList;
			buildConfigurations = (
				9B9A7D3716087D9700D01708 /* Debug */,
				9B9A7D3816087D9700D01708 /* Release */,
			);
			defaultConfigurationIsVisible = 0;
		};
/* End XCConfigurationList section */
	};
	rootObject = 9B9A7D0F16087D9700D01708 /* Project object */;
}
